
Microsoft Visual Studio Solution File, Format Version 12.00
# Visual Studio Version 17
VisualStudioVersion = 17.8.34330.188
MinimumVisualStudioVersion = 10.0.40219.1
Project("{FAE04EC0-301F-11D3-BF4B-00C04F79EFBC}") = "BoaEasyPay", "BoaEasyPay.csproj", "{9EE4E555-227B-4933-8265-164659CC257C}"
EndProject
Global
	GlobalSection(SolutionConfigurationPlatforms) = preSolution
		Debug|Any CPU = Debug|Any CPU
		Release|Any CPU = Release|Any CPU
	EndGlobalSection
	GlobalSection(ProjectConfigurationPlatforms) = postSolution
		{9EE4E555-227B-4933-8265-164659CC257C}.Debug|Any CPU.ActiveCfg = Debug|Any CPU
		{9EE4E555-227B-4933-8265-164659CC257C}.Debug|Any CPU.Build.0 = Debug|Any CPU
		{9EE4E555-227B-4933-8265-164659CC257C}.Release|Any CPU.ActiveCfg = Release|Any CPU
		{9EE4E555-227B-4933-8265-164659CC257C}.Release|Any CPU.Build.0 = Release|Any CPU
	EndGlobalSection
	GlobalSection(SolutionProperties) = preSolution
		HideSolutionNode = FALSE
	EndGlobalSection
	GlobalSection(ExtensibilityGlobals) = postSolution
		SolutionGuid = {BCBE9C03-CD50-439E-8F12-D9DF76C996AC}
	EndGlobalSection
EndGlobal
